
Microsoft Visual Studio Solution File, Format Version 12.00
# Visual Studio 15
VisualStudioVersion = 15.0.27130.2027
MinimumVisualStudioVersion = 10.0.40219.1
Project("{FAE04EC0-301F-11D3-BF4B-00C04F79EFBC}") = "ITCompaniesLocatorWebAppMVC", "ITCompaniesLocatorWebAppMVC\ITCompaniesLocatorWebAppMVC.csproj", "{6372727B-8587-4C00-A9DF-D5019B6BEEAE}"
EndProject
Global
	GlobalSection(SolutionConfigurationPlatforms) = preSolution
		Debug|Any CPU = Debug|Any CPU
		Release|Any CPU = Release|Any CPU
	EndGlobalSection
	GlobalSection(ProjectConfigurationPlatforms) = postSolution
		{6372727B-8587-4C00-A9DF-D5019B6BEEAE}.Debug|Any CPU.ActiveCfg = Debug|Any CPU
		{6372727B-8587-4C00-A9DF-D5019B6BEEAE}.Debug|Any CPU.Build.0 = Debug|Any CPU
		{6372727B-8587-4C00-A9DF-D5019B6BEEAE}.Release|Any CPU.ActiveCfg = Release|Any CPU
		{6372727B-8587-4C00-A9DF-D5019B6BEEAE}.Release|Any CPU.Build.0 = Release|Any CPU
	EndGlobalSection
	GlobalSection(SolutionProperties) = preSolution
		HideSolutionNode = FALSE
	EndGlobalSection
	GlobalSection(ExtensibilityGlobals) = postSolution
		SolutionGuid = {45A06D75-2DC1-4D70-B3C7-8BA4A1C947E6}
	EndGlobalSection
EndGlobal
